
Microsoft Visual Studio Solution File, Format Version 12.00
# Visual Studio Version 17
VisualStudioVersion = 17.9.34728.123
MinimumVisualStudioVersion = 10.0.40219.1
Project("{FAE04EC0-301F-11D3-BF4B-00C04F79EFBC}") = "Bingogo.WebApi", "Bingogo.WebApi\Bingogo.WebApi.csproj", "{45A55B1F-9540-4936-A9F6-50B1F8668BA8}"
EndProject
Global
	GlobalSection(SolutionConfigurationPlatforms) = preSolution
		Debug|Any CPU = Debug|Any CPU
		Release|Any CPU = Release|Any CPU
	EndGlobalSection
	GlobalSection(ProjectConfigurationPlatforms) = postSolution
		{45A55B1F-9540-4936-A9F6-50B1F8668BA8}.Debug|Any CPU.ActiveCfg = Debug|Any CPU
		{45A55B1F-9540-4936-A9F6-50B1F8668BA8}.Debug|Any CPU.Build.0 = Debug|Any CPU
		{45A55B1F-9540-4936-A9F6-50B1F8668BA8}.Release|Any CPU.ActiveCfg = Release|Any CPU
		{45A55B1F-9540-4936-A9F6-50B1F8668BA8}.Release|Any CPU.Build.0 = Release|Any CPU
	EndGlobalSection
	GlobalSection(SolutionProperties) = preSolution
		HideSolutionNode = FALSE
	EndGlobalSection
	GlobalSection(ExtensibilityGlobals) = postSolution
		SolutionGuid = {3AD128AE-05C4-4FA0-9CFB-9C750102F813}
	EndGlobalSection
EndGlobal
